
Microsoft Visual Studio Solution File, Format Version 12.00
# Visual Studio Version 17
VisualStudioVersion = 17.5.33530.505
MinimumVisualStudioVersion = 10.0.40219.1
Project("{9A19103F-16F7-4668-BE54-9A1E7A4F7556}") = "GrpcServer", "GrpcServer\GrpcServer.csproj", "{C0DFE02D-8B75-4CBD-93F9-BC0F3A069188}"
EndProject
Project("{FAE04EC0-301F-11D3-BF4B-00C04F79EFBC}") = "GrpcClient", "GrpcClient\GrpcClient.csproj", "{23B2B8EB-964F-4B85-AB45-8989BDFA1D17}"
EndProject
Global
	GlobalSection(SolutionConfigurationPlatforms) = preSolution
		Debug|Any CPU = Debug|Any CPU
		Release|Any CPU = Release|Any CPU
	EndGlobalSection
	GlobalSection(ProjectConfigurationPlatforms) = postSolution
		{C0DFE02D-8B75-4CBD-93F9-BC0F3A069188}.Debug|Any CPU.ActiveCfg = Debug|Any CPU
		{C0DFE02D-8B75-4CBD-93F9-BC0F3A069188}.Debug|Any CPU.Build.0 = Debug|Any CPU
		{C0DFE02D-8B75-4CBD-93F9-BC0F3A069188}.Release|Any CPU.ActiveCfg = Release|Any CPU
		{C0DFE02D-8B75-4CBD-93F9-BC0F3A069188}.Release|Any CPU.Build.0 = Release|Any CPU
		{23B2B8EB-964F-4B85-AB45-8989BDFA1D17}.Debug|Any CPU.ActiveCfg = Debug|Any CPU
		{23B2B8EB-964F-4B85-AB45-8989BDFA1D17}.Debug|Any CPU.Build.0 = Debug|Any CPU
		{23B2B8EB-964F-4B85-AB45-8989BDFA1D17}.Release|Any CPU.ActiveCfg = Release|Any CPU
		{23B2B8EB-964F-4B85-AB45-8989BDFA1D17}.Release|Any CPU.Build.0 = Release|Any CPU
	EndGlobalSection
	GlobalSection(SolutionProperties) = preSolution
		HideSolutionNode = FALSE
	EndGlobalSection
	GlobalSection(ExtensibilityGlobals) = postSolution
		SolutionGuid = {786AE726-FF60-433B-B495-E31BC4E08EEB}
	EndGlobalSection
EndGlobal
